
Microsoft Visual Studio Solution File, Format Version 12.00
# Visual Studio 15
VisualStudioVersion = 15.0.28307.421
MinimumVisualStudioVersion = 10.0.40219.1
Project("{FAE04EC0-301F-11D3-BF4B-00C04F79EFBC}") = "App01_ConsultarCep.Android", "App01_ConsultarCep\App01_ConsultarCep.Android\App01_ConsultarCep.Android.csproj", "{F14E2C3F-2FF6-4C9B-BC8A-D581EC3EA844}"
EndProject
Project("{FAE04EC0-301F-11D3-BF4B-00C04F79EFBC}") = "App01_ConsultarCep.iOS", "App01_ConsultarCep\App01_ConsultarCep.iOS\App01_ConsultarCep.iOS.csproj", "{4E463337-8488-4A1F-8B57-BCCB1015A236}"
EndProject
Project("{FAE04EC0-301F-11D3-BF4B-00C04F79EFBC}") = "App01_ConsultarCep.UWP", "App01_ConsultarCep\App01_ConsultarCep.UWP\App01_ConsultarCep.UWP.csproj", "{2A106C26-7250-4766-AA15-BDBC96A5DCDD}"
EndProject
Project("{FAE04EC0-301F-11D3-BF4B-00C04F79EFBC}") = "App01_ConsultarCep", "App01_ConsultarCep\App01_ConsultarCep\App01_ConsultarCep.csproj", "{56DD1433-42E7-42CC-B5F9-3BF4D8F2CA5C}"
EndProject
Global
	GlobalSection(SolutionConfigurationPlatforms) = preSolution
		Ad-Hoc|Any CPU = Ad-Hoc|Any CPU
		Ad-Hoc|ARM = Ad-Hoc|ARM
		Ad-Hoc|iPhone = Ad-Hoc|iPhone
		Ad-Hoc|iPhoneSimulator = Ad-Hoc|iPhoneSimulator
		Ad-Hoc|x64 = Ad-Hoc|x64
		Ad-Hoc|x86 = Ad-Hoc|x86
		AppStore|Any CPU = AppStore|Any CPU
		AppStore|ARM = AppStore|ARM
		AppStore|iPhone = AppStore|iPhone
		AppStore|iPhoneSimulator = AppStore|iPhoneSimulator
		AppStore|x64 = AppStore|x64
		AppStore|x86 = AppStore|x86
		Debug|Any CPU = Debug|Any CPU
		Debug|ARM = Debug|ARM
		Debug|iPhone = Debug|iPhone
		Debug|iPhoneSimulator = Debug|iPhoneSimulator
		Debug|x64 = Debug|x64
		Debug|x86 = Debug|x86
		Release|Any CPU = Release|Any CPU
		Release|ARM = Release|ARM
		Release|iPhone = Release|iPhone
		Release|iPhoneSimulator = Release|iPhoneSimulator
		Release|x64 = Release|x64
		Release|x86 = Release|x86
	EndGlobalSection
	GlobalSection(ProjectConfigurationPlatforms) = postSolution
		{F14E2C3F-2FF6-4C9B-BC8A-D581EC3EA844}.Ad-Hoc|Any CPU.ActiveCfg = Release|Any CPU
		{F14E2C3F-2FF6-4C9B-BC8A-D581EC3EA844}.Ad-Hoc|Any CPU.Build.0 = Release|Any CPU
		{F14E2C3F-2FF6-4C9B-BC8A-D581EC3EA844}.Ad-Hoc|Any CPU.Deploy.0 = Release|Any CPU
		{F14E2C3F-2FF6-4C9B-BC8A-D581EC3EA844}.Ad-Hoc|ARM.ActiveCfg = Release|Any CPU
		{F14E2C3F-2FF6-4C9B-BC8A-D581EC3EA844}.Ad-Hoc|ARM.Build.0 = Release|Any CPU
		{F14E2C3F-2FF6-4C9B-BC8A-D581EC3EA844}.Ad-Hoc|ARM.Deploy.0 = Release|Any CPU
		{F14E2C3F-2FF6-4C9B-BC8A-D581EC3EA844}.Ad-Hoc|iPhone.ActiveCfg = Release|Any CPU
		{F14E2C3F-2FF6-4C9B-BC8A-D581EC3EA844}.Ad-Hoc|iPhone.Build.0 = Release|Any CPU
		{F14E2C3F-2FF6-4C9B-BC8A-D581EC3EA844}.Ad-Hoc|iPhone.Deploy.0 = Release|Any CPU
		{F14E2C3F-2FF6-4C9B-BC8A-D581EC3EA844}.Ad-Hoc|iPhoneSimulator.ActiveCfg = Release|Any CPU
		{F14E2C3F-2FF6-4C9B-BC8A-D581EC3EA844}.Ad-Hoc|iPhoneSimulator.Build.0 = Release|Any CPU
		{F14E2C3F-2FF6-4C9B-BC8A-D581EC3EA844}.Ad-Hoc|iPhoneSimulator.Deploy.0 = Release|Any CPU
		{F14E2C3F-2FF6-4C9B-BC8A-D581EC3EA844}.Ad-Hoc|x64.ActiveCfg = Release|Any CPU
		{F14E2C3F-2FF6-4C9B-BC8A-D581EC3EA844}.Ad-Hoc|x64.Build.0 = Release|Any CPU
		{F14E2C3F-2FF6-4C9B-BC8A-D581EC3EA844}.Ad-Hoc|x64.Deploy.0 = Release|Any CPU
		{F14E2C3F-2FF6-4C9B-BC8A-D581EC3EA844}.Ad-Hoc|x86.ActiveCfg = Release|Any CPU
		{F14E2C3F-2FF6-4C9B-BC8A-D581EC3EA844}.Ad-Hoc|x86.Build.0 = Release|Any CPU
		{F14E2C3F-2FF6-4C9B-BC8A-D581EC3EA844}.Ad-Hoc|x86.Deploy.0 = Release|Any CPU
		{F14E2C3F-2FF6-4C9B-BC8A-D581EC3EA844}.AppStore|Any CPU.ActiveCfg = Release|Any CPU
		{F14E2C3F-2FF6-4C9B-BC8A-D581EC3EA844}.AppStore|Any CPU.Build.0 = Release|Any CPU
		{F14E2C3F-2FF6-4C9B-BC8A-D581EC3EA844}.AppStore|Any CPU.Deploy.0 = Release|Any CPU
		{F14E2C3F-2FF6-4C9B-BC8A-D581EC3EA844}.AppStore|ARM.ActiveCfg = Release|Any CPU
		{F14E2C3F-2FF6-4C9B-BC8A-D581EC3EA844}.AppStore|ARM.Build.0 = Release|Any CPU
		{F14E2C3F-2FF6-4C9B-BC8A-D581EC3EA844}.AppStore|ARM.Deploy.0 = Release|Any CPU
		{F14E2C3F-2FF6-4C9B-BC8A-D581EC3EA844}.AppStore|iPhone.ActiveCfg = Release|Any CPU
		{F14E2C3F-2FF6-4C9B-BC8A-D581EC3EA844}.AppStore|iPhone.Build.0 = Release|Any CPU
		{F14E2C3F-2FF6-4C9B-BC8A-D581EC3EA844}.AppStore|iPhone.Deploy.0 = Release|Any CPU
		{F14E2C3F-2FF6-4C9B-BC8A-D581EC3EA844}.AppStore|iPhoneSimulator.ActiveCfg = Release|Any CPU
		{F14E2C3F-2FF6-4C9B-BC8A-D581EC3EA844}.AppStore|iPhoneSimulator.Build.0 = Release|Any CPU
		{F14E2C3F-2FF6-4C9B-BC8A-D581EC3EA844}.AppStore|iPhoneSimulator.Deploy.0 = Release|Any CPU
		{F14E2C3F-2FF6-4C9B-BC8A-D581EC3EA844}.AppStore|x64.ActiveCfg = Release|Any CPU
		{F14E2C3F-2FF6-4C9B-BC8A-D581EC3EA844}.AppStore|x64.Build.0 = Release|Any CPU
		{F14E2C3F-2FF6-4C9B-BC8A-D581EC3EA844}.AppStore|x64.Deploy.0 = Release|Any CPU
		{F14E2C3F-2FF6-4C9B-BC8A-D581EC3EA844}.AppStore|x86.ActiveCfg = Release|Any CPU
		{F14E2C3F-2FF6-4C9B-BC8A-D581EC3EA844}.AppStore|x86.Build.0 = Release|Any CPU
		{F14E2C3F-2FF6-4C9B-BC8A-D581EC3EA844}.AppStore|x86.Deploy.0 = Release|Any CPU
		{F14E2C3F-2FF6-4C9B-BC8A-D581EC3EA844}.Debug|Any CPU.ActiveCfg = Debug|Any CPU
		{F14E2C3F-2FF6-4C9B-BC8A-D581EC3EA844}.Debug|Any CPU.Build.0 = Debug|Any CPU
		{F14E2C3F-2FF6-4C9B-BC8A-D581EC3EA844}.Debug|Any CPU.Deploy.0 = Debug|Any CPU
		{F14E2C3F-2FF6-4C9B-BC8A-D581EC3EA844}.Debug|ARM.ActiveCfg = Debug|Any CPU
		{F14E2C3F-2FF6-4C9B-BC8A-D581EC3EA844}.Debug|ARM.Build.0 = Debug|Any CPU
		{F14E2C3F-2FF6-4C9B-BC8A-D581EC3EA844}.Debug|ARM.Deploy.0 = Debug|Any CPU
		{F14E2C3F-2FF6-4C9B-BC8A-D581EC3EA844}.Debug|iPhone.ActiveCfg = Debug|Any CPU
		{F14E2C3F-2FF6-4C9B-BC8A-D581EC3EA844}.Debug|iPhone.Build.0 = Debug|Any CPU
		{F14E2C3F-2FF6-4C9B-BC8A-D581EC3EA844}.Debug|iPhone.Deploy.0 = Debug|Any CPU
		{F14E2C3F-2FF6-4C9B-BC8A-D581EC3EA844}.Debug|iPhoneSimulator.ActiveCfg = Debug|Any CPU
		{F14E2C3F-2FF6-4C9B-BC8A-D581EC3EA844}.Debug|iPhoneSimulator.Build.0 = Debug|Any CPU
		{F14E2C3F-2FF6-4C9B-BC8A-D581EC3EA844}.Debug|iPhoneSimulator.Deploy.0 = Debug|Any CPU
		{F14E2C3F-2FF6-4C9B-BC8A-D581EC3EA844}.Debug|x64.ActiveCfg = Debug|Any CPU
		{F14E2C3F-2FF6-4C9B-BC8A-D581EC3EA844}.Debug|x64.Build.0 = Debug|Any CPU
		{F14E2C3F-2FF6-4C9B-BC8A-D581EC3EA844}.Debug|x64.Deploy.0 = Debug|Any CPU
		{F14E2C3F-2FF6-4C9B-BC8A-D581EC3EA844}.Debug|x86.ActiveCfg = Debug|Any CPU
		{F14E2C3F-2FF6-4C9B-BC8A-D581EC3EA844}.Debug|x86.Build.0 = Debug|Any CPU
		{F14E2C3F-2FF6-4C9B-BC8A-D581EC3EA844}.Debug|x86.Deploy.0 = Debug|Any CPU
		{F14E2C3F-2FF6-4C9B-BC8A-D581EC3EA844}.Release|Any CPU.ActiveCfg = Release|Any CPU
		{F14E2C3F-2FF6-4C9B-BC8A-D581EC3EA844}.Release|Any CPU.Build.0 = Release|Any CPU
		{F14E2C3F-2FF6-4C9B-BC8A-D581EC3EA844}.Release|Any CPU.Deploy.0 = Release|Any CPU
		{F14E2C3F-2FF6-4C9B-BC8A-D581EC3EA844}.Release|ARM.ActiveCfg = Release|Any CPU
		{F14E2C3F-2FF6-4C9B-BC8A-D581EC3EA844}.Release|ARM.Build.0 = Release|Any CPU
		{F14E2C3F-2FF6-4C9B-BC8A-D581EC3EA844}.Release|ARM.Deploy.0 = Release|Any CPU
		{F14E2C3F-2FF6-4C9B-BC8A-D581EC3EA844}.Release|iPhone.ActiveCfg = Release|Any CPU
		{F14E2C3F-2FF6-4C9B-BC8A-D581EC3EA844}.Release|iPhone.Build.0 = Release|Any CPU
		{F14E2C3F-2FF6-4C9B-BC8A-D581EC3EA844}.Release|iPhone.Deploy.0 = Release|Any CPU
		{F14E2C3F-2FF6-4C9B-BC8A-D581EC3EA844}.Release|iPhoneSimulator.ActiveCfg = Release|Any CPU
		{F14E2C3F-2FF6-4C9B-BC8A-D581EC3EA844}.Release|iPhoneSimulator.Build.0 = Release|Any CPU
		{F14E2C3F-2FF6-4C9B-BC8A-D581EC3EA844}.Release|iPhoneSimulator.Deploy.0 = Release|Any CPU
		{F14E2C3F-2FF6-4C9B-BC8A-D581EC3EA844}.Release|x64.ActiveCfg = Release|Any CPU
		{F14E2C3F-2FF6-4C9B-BC8A-D581EC3EA844}.Release|x64.Build.0 = Release|Any CPU
		{F14E2C3F-2FF6-4C9B-BC8A-D581EC3EA844}.Release|x64.Deploy.0 = Release|Any CPU
		{F14E2C3F-2FF6-4C9B-BC8A-D581EC3EA844}.Release|x86.ActiveCfg = Release|Any CPU
		{F14E2C3F-2FF6-4C9B-BC8A-D581EC3EA844}.Release|x86.Build.0 = Release|Any CPU
		{F14E2C3F-2FF6-4C9B-BC8A-D581EC3EA844}.Release|x86.Deploy.0 = Release|Any CPU
		{4E463337-8488-4A1F-8B57-BCCB1015A236}.Ad-Hoc|Any CPU.ActiveCfg = Ad-Hoc|iPhone
		{4E463337-8488-4A1F-8B57-BCCB1015A236}.Ad-Hoc|Any CPU.Build.0 = Ad-Hoc|iPhone
		{4E463337-8488-4A1F-8B57-BCCB1015A236}.Ad-Hoc|Any CPU.Deploy.0 = Ad-Hoc|iPhone
		{4E463337-8488-4A1F-8B57-BCCB1015A236}.Ad-Hoc|ARM.ActiveCfg = Ad-Hoc|iPhone
		{4E463337-8488-4A1F-8B57-BCCB1015A236}.Ad-Hoc|ARM.Build.0 = Ad-Hoc|iPhone
		{4E463337-8488-4A1F-8B57-BCCB1015A236}.Ad-Hoc|ARM.Deploy.0 = Ad-Hoc|iPhone
		{4E463337-8488-4A1F-8B57-BCCB1015A236}.Ad-Hoc|iPhone.ActiveCfg = Ad-Hoc|iPhone
		{4E463337-8488-4A1F-8B57-BCCB1015A236}.Ad-Hoc|iPhone.Build.0 = Ad-Hoc|iPhone
		{4E463337-8488-4A1F-8B57-BCCB1015A236}.Ad-Hoc|iPhone.Deploy.0 = Ad-Hoc|iPhone
		{4E463337-8488-4A1F-8B57-BCCB1015A236}.Ad-Hoc|iPhoneSimulator.ActiveCfg = Ad-Hoc|iPhoneSimulator
		{4E463337-8488-4A1F-8B57-BCCB1015A236}.Ad-Hoc|iPhoneSimulator.Build.0 = Ad-Hoc|iPhoneSimulator
		{4E463337-8488-4A1F-8B57-BCCB1015A236}.Ad-Hoc|iPhoneSimulator.Deploy.0 = Ad-Hoc|iPhoneSimulator
		{4E463337-8488-4A1F-8B57-BCCB1015A236}.Ad-Hoc|x64.ActiveCfg = Ad-Hoc|iPhone
		{4E463337-8488-4A1F-8B57-BCCB1015A236}.Ad-Hoc|x64.Build.0 = Ad-Hoc|iPhone
		{4E463337-8488-4A1F-8B57-BCCB1015A236}.Ad-Hoc|x64.Deploy.0 = Ad-Hoc|iPhone
		{4E463337-8488-4A1F-8B57-BCCB1015A236}.Ad-Hoc|x86.ActiveCfg = Ad-Hoc|iPhone
		{4E463337-8488-4A1F-8B57-BCCB1015A236}.Ad-Hoc|x86.Build.0 = Ad-Hoc|iPhone
		{4E463337-8488-4A1F-8B57-BCCB1015A236}.Ad-Hoc|x86.Deploy.0 = Ad-Hoc|iPhone
		{4E463337-8488-4A1F-8B57-BCCB1015A236}.AppStore|Any CPU.ActiveCfg = AppStore|iPhone
		{4E463337-8488-4A1F-8B57-BCCB1015A236}.AppStore|Any CPU.Build.0 = AppStore|iPhone
		{4E463337-8488-4A1F-8B57-BCCB1015A236}.AppStore|Any CPU.Deploy.0 = AppStore|iPhone
		{4E463337-8488-4A1F-8B57-BCCB1015A236}.AppStore|ARM.ActiveCfg = AppStore|iPhone
		{4E463337-8488-4A1F-8B57-BCCB1015A236}.AppStore|ARM.Build.0 = AppStore|iPhone
		{4E463337-8488-4A1F-8B57-BCCB1015A236}.AppStore|ARM.Deploy.0 = AppStore|iPhone
		{4E463337-8488-4A1F-8B57-BCCB1015A236}.AppStore|iPhone.ActiveCfg = AppStore|iPhone
		{4E463337-8488-4A1F-8B57-BCCB1015A236}.AppStore|iPhone.Build.0 = AppStore|iPhone
		{4E463337-8488-4A1F-8B57-BCCB1015A236}.AppStore|iPhone.Deploy.0 = AppStore|iPhone
		{4E463337-8488-4A1F-8B57-BCCB1015A236}.AppStore|iPhoneSimulator.ActiveCfg = AppStore|iPhoneSimulator
		{4E463337-8488-4A1F-8B57-BCCB1015A236}.AppStore|iPhoneSimulator.Build.0 = AppStore|iPhoneSimulator
		{4E463337-8488-4A1F-8B57-BCCB1015A236}.AppStore|iPhoneSimulator.Deploy.0 = AppStore|iPhoneSimulator
		{4E463337-8488-4A1F-8B57-BCCB1015A236}.AppStore|x64.ActiveCfg = AppStore|iPhone
		{4E463337-8488-4A1F-8B57-BCCB1015A236}.AppStore|x64.Build.0 = AppStore|iPhone
		{4E463337-8488-4A1F-8B57-BCCB1015A236}.AppStore|x64.Deploy.0 = AppStore|iPhone
		{4E463337-8488-4A1F-8B57-BCCB1015A236}.AppStore|x86.ActiveCfg = AppStore|iPhone
		{4E463337-8488-4A1F-8B57-BCCB1015A236}.AppStore|x86.Build.0 = AppStore|iPhone
		{4E463337-8488-4A1F-8B57-BCCB1015A236}.AppStore|x86.Deploy.0 = AppStore|iPhone
		{4E463337-8488-4A1F-8B57-BCCB1015A236}.Debug|Any CPU.ActiveCfg = Debug|iPhoneSimulator
		{4E463337-8488-4A1F-8B57-BCCB1015A236}.Debug|Any CPU.Build.0 = Debug|iPhoneSimulator
		{4E463337-8488-4A1F-8B57-BCCB1015A236}.Debug|Any CPU.Deploy.0 = Debug|iPhoneSimulator
		{4E463337-8488-4A1F-8B57-BCCB1015A236}.Debug|ARM.ActiveCfg = Debug|iPhone
		{4E463337-8488-4A1F-8B57-BCCB1015A236}.Debug|ARM.Build.0 = Debug|iPhone
		{4E463337-8488-4A1F-8B57-BCCB1015A236}.Debug|ARM.Deploy.0 = Debug|iPhone
		{4E463337-8488-4A1F-8B57-BCCB1015A236}.Debug|iPhone.ActiveCfg = Debug|iPhone
		{4E463337-8488-4A1F-8B57-BCCB1015A236}.Debug|iPhone.Build.0 = Debug|iPhone
		{4E463337-8488-4A1F-8B57-BCCB1015A236}.Debug|iPhone.Deploy.0 = Debug|iPhone
		{4E463337-8488-4A1F-8B57-BCCB1015A236}.Debug|iPhoneSimulator.ActiveCfg = Debug|iPhoneSimulator
		{4E463337-8488-4A1F-8B57-BCCB1015A236}.Debug|iPhoneSimulator.Build.0 = Debug|iPhoneSimulator
		{4E463337-8488-4A1F-8B57-BCCB1015A236}.Debug|iPhoneSimulator.Deploy.0 = Debug|iPhoneSimulator
		{4E463337-8488-4A1F-8B57-BCCB1015A236}.Debug|x64.ActiveCfg = Debug|iPhone
		{4E463337-8488-4A1F-8B57-BCCB1015A236}.Debug|x64.Build.0 = Debug|iPhone
		{4E463337-8488-4A1F-8B57-BCCB1015A236}.Debug|x64.Deploy.0 = Debug|iPhone
		{4E463337-8488-4A1F-8B57-BCCB1015A236}.Debug|x86.ActiveCfg = Debug|iPhone
		{4E463337-8488-4A1F-8B57-BCCB1015A236}.Debug|x86.Build.0 = Debug|iPhone
		{4E463337-8488-4A1F-8B57-BCCB1015A236}.Debug|x86.Deploy.0 = Debug|iPhone
		{4E463337-8488-4A1F-8B57-BCCB1015A236}.Release|Any CPU.ActiveCfg = Release|iPhone
		{4E463337-8488-4A1F-8B57-BCCB1015A236}.Release|Any CPU.Build.0 = Release|iPhone
		{4E463337-8488-4A1F-8B57-BCCB1015A236}.Release|Any CPU.Deploy.0 = Release|iPhone
		{4E463337-8488-4A1F-8B57-BCCB1015A236}.Release|ARM.ActiveCfg = Release|iPhone
		{4E463337-8488-4A1F-8B57-BCCB1015A236}.Release|ARM.Build.0 = Release|iPhone
		{4E463337-8488-4A1F-8B57-BCCB1015A236}.Release|ARM.Deploy.0 = Release|iPhone
		{4E463337-8488-4A1F-8B57-BCCB1015A236}.Release|iPhone.ActiveCfg = Release|iPhone
		{4E463337-8488-4A1F-8B57-BCCB1015A236}.Release|iPhone.Build.0 = Release|iPhone
		{4E463337-8488-4A1F-8B57-BCCB1015A236}.Release|iPhone.Deploy.0 = Release|iPhone
		{4E463337-8488-4A1F-8B57-BCCB1015A236}.Release|iPhoneSimulator.ActiveCfg = Release|iPhoneSimulator
		{4E463337-8488-4A1F-8B57-BCCB1015A236}.Release|iPhoneSimulator.Build.0 = Release|iPhoneSimulator
		{4E463337-8488-4A1F-8B57-BCCB1015A236}.Release|iPhoneSimulator.Deploy.0 = Release|iPhoneSimulator
		{4E463337-8488-4A1F-8B57-BCCB1015A236}.Release|x64.ActiveCfg = Release|iPhone
		{4E463337-8488-4A1F-8B57-BCCB1015A236}.Release|x64.Build.0 = Release|iPhone
		{4E463337-8488-4A1F-8B57-BCCB1015A236}.Release|x64.Deploy.0 = Release|iPhone
		{4E463337-8488-4A1F-8B57-BCCB1015A236}.Release|x86.ActiveCfg = Release|iPhone
		{4E463337-8488-4A1F-8B57-BCCB1015A236}.Release|x86.Build.0 = Release|iPhone
		{4E463337-8488-4A1F-8B57-BCCB1015A236}.Release|x86.Deploy.0 = Release|iPhone
		{2A106C26-7250-4766-AA15-BDBC96A5DCDD}.Ad-Hoc|Any CPU.ActiveCfg = Release|x86
		{2A106C26-7250-4766-AA15-BDBC96A5DCDD}.Ad-Hoc|Any CPU.Build.0 = Release|x86
		{2A106C26-7250-4766-AA15-BDBC96A5DCDD}.Ad-Hoc|Any CPU.Deploy.0 = Release|x86
		{2A106C26-7250-4766-AA15-BDBC96A5DCDD}.Ad-Hoc|ARM.ActiveCfg = Release|ARM
		{2A106C26-7250-4766-AA15-BDBC96A5DCDD}.Ad-Hoc|ARM.Build.0 = Release|ARM
		{2A106C26-7250-4766-AA15-BDBC96A5DCDD}.Ad-Hoc|ARM.Deploy.0 = Release|ARM
		{2A106C26-7250-4766-AA15-BDBC96A5DCDD}.Ad-Hoc|iPhone.ActiveCfg = Release|x86
		{2A106C26-7250-4766-AA15-BDBC96A5DCDD}.Ad-Hoc|iPhone.Build.0 = Release|x86
		{2A106C26-7250-4766-AA15-BDBC96A5DCDD}.Ad-Hoc|iPhone.Deploy.0 = Release|x86
		{2A106C26-7250-4766-AA15-BDBC96A5DCDD}.Ad-Hoc|iPhoneSimulator.ActiveCfg = Release|x86
		{2A106C26-7250-4766-AA15-BDBC96A5DCDD}.Ad-Hoc|iPhoneSimulator.Build.0 = Release|x86
		{2A106C26-7250-4766-AA15-BDBC96A5DCDD}.Ad-Hoc|iPhoneSimulator.Deploy.0 = Release|x86
		{2A106C26-7250-4766-AA15-BDBC96A5DCDD}.Ad-Hoc|x64.ActiveCfg = Release|x64
		{2A106C26-7250-4766-AA15-BDBC96A5DCDD}.Ad-Hoc|x64.Build.0 = Release|x64
		{2A106C26-7250-4766-AA15-BDBC96A5DCDD}.Ad-Hoc|x64.Deploy.0 = Release|x64
		{2A106C26-7250-4766-AA15-BDBC96A5DCDD}.Ad-Hoc|x86.ActiveCfg = Release|x86
		{2A106C26-7250-4766-AA15-BDBC96A5DCDD}.Ad-Hoc|x86.Build.0 = Release|x86
		{2A106C26-7250-4766-AA15-BDBC96A5DCDD}.Ad-Hoc|x86.Deploy.0 = Release|x86
		{2A106C26-7250-4766-AA15-BDBC96A5DCDD}.AppStore|Any CPU.ActiveCfg = Release|x86
		{2A106C26-7250-4766-AA15-BDBC96A5DCDD}.AppStore|Any CPU.Build.0 = Release|x86
		{2A106C26-7250-4766-AA15-BDBC96A5DCDD}.AppStore|Any CPU.Deploy.0 = Release|x86
		{2A106C26-7250-4766-AA15-BDBC96A5DCDD}.AppStore|ARM.ActiveCfg = Release|ARM
		{2A106C26-7250-4766-AA15-BDBC96A5DCDD}.AppStore|ARM.Build.0 = Release|ARM
		{2A106C26-7250-4766-AA15-BDBC96A5DCDD}.AppStore|ARM.Deploy.0 = Release|ARM
		{2A106C26-7250-4766-AA15-BDBC96A5DCDD}.AppStore|iPhone.ActiveCfg = Release|x86
		{2A106C26-7250-4766-AA15-BDBC96A5DCDD}.AppStore|iPhone.Build.0 = Release|x86
		{2A106C26-7250-4766-AA15-BDBC96A5DCDD}.AppStore|iPhone.Deploy.0 = Release|x86
		{2A106C26-7250-4766-AA15-BDBC96A5DCDD}.AppStore|iPhoneSimulator.ActiveCfg = Release|x86
		{2A106C26-7250-4766-AA15-BDBC96A5DCDD}.AppStore|iPhoneSimulator.Build.0 = Release|x86
		{2A106C26-7250-4766-AA15-BDBC96A5DCDD}.AppStore|iPhoneSimulator.Deploy.0 = Release|x86
		{2A106C26-7250-4766-AA15-BDBC96A5DCDD}.AppStore|x64.ActiveCfg = Release|x64
		{2A106C26-7250-4766-AA15-BDBC96A5DCDD}.AppStore|x64.Build.0 = Release|x64
		{2A106C26-7250-4766-AA15-BDBC96A5DCDD}.AppStore|x64.Deploy.0 = Release|x64
		{2A106C26-7250-4766-AA15-BDBC96A5DCDD}.AppStore|x86.ActiveCfg = Release|x86
		{2A106C26-7250-4766-AA15-BDBC96A5DCDD}.AppStore|x86.Build.0 = Release|x86
		{2A106C26-7250-4766-AA15-BDBC96A5DCDD}.AppStore|x86.Deploy.0 = Release|x86
		{2A106C26-7250-4766-AA15-BDBC96A5DCDD}.Debug|Any CPU.ActiveCfg = Debug|x86
		{2A106C26-7250-4766-AA15-BDBC96A5DCDD}.Debug|Any CPU.Build.0 = Debug|x86
		{2A106C26-7250-4766-AA15-BDBC96A5DCDD}.Debug|Any CPU.Deploy.0 = Debug|x86
		{2A106C26-7250-4766-AA15-BDBC96A5DCDD}.Debug|ARM.ActiveCfg = Debug|ARM
		{2A106C26-7250-4766-AA15-BDBC96A5DCDD}.Debug|ARM.Build.0 = Debug|ARM
		{2A106C26-7250-4766-AA15-BDBC96A5DCDD}.Debug|ARM.Deploy.0 = Debug|ARM
		{2A106C26-7250-4766-AA15-BDBC96A5DCDD}.Debug|iPhone.ActiveCfg = Debug|x86
		{2A106C26-7250-4766-AA15-BDBC96A5DCDD}.Debug|iPhone.Build.0 = Debug|x86
		{2A106C26-7250-4766-AA15-BDBC96A5DCDD}.Debug|iPhone.Deploy.0 = Debug|x86
		{2A106C26-7250-4766-AA15-BDBC96A5DCDD}.Debug|iPhoneSimulator.ActiveCfg = Debug|x86
		{2A106C26-7250-4766-AA15-BDBC96A5DCDD}.Debug|iPhoneSimulator.Build.0 = Debug|x86
		{2A106C26-7250-4766-AA15-BDBC96A5DCDD}.Debug|iPhoneSimulator.Deploy.0 = Debug|x86
		{2A106C26-7250-4766-AA15-BDBC96A5DCDD}.Debug|x64.ActiveCfg = Debug|x64
		{2A106C26-7250-4766-AA15-BDBC96A5DCDD}.Debug|x64.Build.0 = Debug|x64
		{2A106C26-7250-4766-AA15-BDBC96A5DCDD}.Debug|x64.Deploy.0 = Debug|x64
		{2A106C26-7250-4766-AA15-BDBC96A5DCDD}.Debug|x86.ActiveCfg = Debug|x86
		{2A106C26-7250-4766-AA15-BDBC96A5DCDD}.Debug|x86.Build.0 = Debug|x86
		{2A106C26-7250-4766-AA15-BDBC96A5DCDD}.Debug|x86.Deploy.0 = Debug|x86
		{2A106C26-7250-4766-AA15-BDBC96A5DCDD}.Release|Any CPU.ActiveCfg = Release|x86
		{2A106C26-7250-4766-AA15-BDBC96A5DCDD}.Release|Any CPU.Build.0 = Release|x86
		{2A106C26-7250-4766-AA15-BDBC96A5DCDD}.Release|Any CPU.Deploy.0 = Release|x86
		{2A106C26-7250-4766-AA15-BDBC96A5DCDD}.Release|ARM.ActiveCfg = Release|ARM
		{2A106C26-7250-4766-AA15-BDBC96A5DCDD}.Release|ARM.Build.0 = Release|ARM
		{2A106C26-7250-4766-AA15-BDBC96A5DCDD}.Release|ARM.Deploy.0 = Release|ARM
		{2A106C26-7250-4766-AA15-BDBC96A5DCDD}.Release|iPhone.ActiveCfg = Release|x86
		{2A106C26-7250-4766-AA15-BDBC96A5DCDD}.Release|iPhone.Build.0 = Release|x86
		{2A106C26-7250-4766-AA15-BDBC96A5DCDD}.Release|iPhone.Deploy.0 = Release|x86
		{2A106C26-7250-4766-AA15-BDBC96A5DCDD}.Release|iPhoneSimulator.ActiveCfg = Release|x86
		{2A106C26-7250-4766-AA15-BDBC96A5DCDD}.Release|iPhoneSimulator.Build.0 = Release|x86
		{2A106C26-7250-4766-AA15-BDBC96A5DCDD}.Release|iPhoneSimulator.Deploy.0 = Release|x86
		{2A106C26-7250-4766-AA15-BDBC96A5DCDD}.Release|x64.ActiveCfg = Release|x64
		{2A106C26-7250-4766-AA15-BDBC96A5DCDD}.Release|x64.Build.0 = Release|x64
		{2A106C26-7250-4766-AA15-BDBC96A5DCDD}.Release|x64.Deploy.0 = Release|x64
		{2A106C26-7250-4766-AA15-BDBC96A5DCDD}.Release|x86.ActiveCfg = Release|x86
		{2A106C26-7250-4766-AA15-BDBC96A5DCDD}.Release|x86.Build.0 = Release|x86
		{2A106C26-7250-4766-AA15-BDBC96A5DCDD}.Release|x86.Deploy.0 = Release|x86
		{56DD1433-42E7-42CC-B5F9-3BF4D8F2CA5C}.Ad-Hoc|Any CPU.ActiveCfg = Debug|Any CPU
		{56DD1433-42E7-42CC-B5F9-3BF4D8F2CA5C}.Ad-Hoc|Any CPU.Build.0 = Debug|Any CPU
		{56DD1433-42E7-42CC-B5F9-3BF4D8F2CA5C}.Ad-Hoc|Any CPU.Deploy.0 = Debug|Any CPU
		{56DD1433-42E7-42CC-B5F9-3BF4D8F2CA5C}.Ad-Hoc|ARM.ActiveCfg = Debug|Any CPU
		{56DD1433-42E7-42CC-B5F9-3BF4D8F2CA5C}.Ad-Hoc|ARM.Build.0 = Debug|Any CPU
		{56DD1433-42E7-42CC-B5F9-3BF4D8F2CA5C}.Ad-Hoc|ARM.Deploy.0 = Debug|Any CPU
		{56DD1433-42E7-42CC-B5F9-3BF4D8F2CA5C}.Ad-Hoc|iPhone.ActiveCfg = Debug|Any CPU
		{56DD1433-42E7-42CC-B5F9-3BF4D8F2CA5C}.Ad-Hoc|iPhone.Build.0 = Debug|Any CPU
		{56DD1433-42E7-42CC-B5F9-3BF4D8F2CA5C}.Ad-Hoc|iPhone.Deploy.0 = Debug|Any CPU
		{56DD1433-42E7-42CC-B5F9-3BF4D8F2CA5C}.Ad-Hoc|iPhoneSimulator.ActiveCfg = Debug|Any CPU
		{56DD1433-42E7-42CC-B5F9-3BF4D8F2CA5C}.Ad-Hoc|iPhoneSimulator.Build.0 = Debug|Any CPU
		{56DD1433-42E7-42CC-B5F9-3BF4D8F2CA5C}.Ad-Hoc|iPhoneSimulator.Deploy.0 = Debug|Any CPU
		{56DD1433-42E7-42CC-B5F9-3BF4D8F2CA5C}.Ad-Hoc|x64.ActiveCfg = Debug|Any CPU
		{56DD1433-42E7-42CC-B5F9-3BF4D8F2CA5C}.Ad-Hoc|x64.Build.0 = Debug|Any CPU
		{56DD1433-42E7-42CC-B5F9-3BF4D8F2CA5C}.Ad-Hoc|x64.Deploy.0 = Debug|Any CPU
		{56DD1433-42E7-42CC-B5F9-3BF4D8F2CA5C}.Ad-Hoc|x86.ActiveCfg = Debug|Any CPU
		{56DD1433-42E7-42CC-B5F9-3BF4D8F2CA5C}.Ad-Hoc|x86.Build.0 = Debug|Any CPU
		{56DD1433-42E7-42CC-B5F9-3BF4D8F2CA5C}.Ad-Hoc|x86.Deploy.0 = Debug|Any CPU
		{56DD1433-42E7-42CC-B5F9-3BF4D8F2CA5C}.AppStore|Any CPU.ActiveCfg = Debug|Any CPU
		{56DD1433-42E7-42CC-B5F9-3BF4D8F2CA5C}.AppStore|Any CPU.Build.0 = Debug|Any CPU
		{56DD1433-42E7-42CC-B5F9-3BF4D8F2CA5C}.AppStore|Any CPU.Deploy.0 = Debug|Any CPU
		{56DD1433-42E7-42CC-B5F9-3BF4D8F2CA5C}.AppStore|ARM.ActiveCfg = Debug|Any CPU
		{56DD1433-42E7-42CC-B5F9-3BF4D8F2CA5C}.AppStore|ARM.Build.0 = Debug|Any CPU
		{56DD1433-42E7-42CC-B5F9-3BF4D8F2CA5C}.AppStore|ARM.Deploy.0 = Debug|Any CPU
		{56DD1433-42E7-42CC-B5F9-3BF4D8F2CA5C}.AppStore|iPhone.ActiveCfg = Debug|Any CPU
		{56DD1433-42E7-42CC-B5F9-3BF4D8F2CA5C}.AppStore|iPhone.Build.0 = Debug|Any CPU
		{56DD1433-42E7-42CC-B5F9-3BF4D8F2CA5C}.AppStore|iPhone.Deploy.0 = Debug|Any CPU
		{56DD1433-42E7-42CC-B5F9-3BF4D8F2CA5C}.AppStore|iPhoneSimulator.ActiveCfg = Debug|Any CPU
		{56DD1433-42E7-42CC-B5F9-3BF4D8F2CA5C}.AppStore|iPhoneSimulator.Build.0 = Debug|Any CPU
		{56DD1433-42E7-42CC-B5F9-3BF4D8F2CA5C}.AppStore|iPhoneSimulator.Deploy.0 = Debug|Any CPU
		{56DD1433-42E7-42CC-B5F9-3BF4D8F2CA5C}.AppStore|x64.ActiveCfg = Debug|Any CPU
		{56DD1433-42E7-42CC-B5F9-3BF4D8F2CA5C}.AppStore|x64.Build.0 = Debug|Any CPU
		{56DD1433-42E7-42CC-B5F9-3BF4D8F2CA5C}.AppStore|x64.Deploy.0 = Debug|Any CPU
		{56DD1433-42E7-42CC-B5F9-3BF4D8F2CA5C}.AppStore|x86.ActiveCfg = Debug|Any CPU
		{56DD1433-42E7-42CC-B5F9-3BF4D8F2CA5C}.AppStore|x86.Build.0 = Debug|Any CPU
		{56DD1433-42E7-42CC-B5F9-3BF4D8F2CA5C}.AppStore|x86.Deploy.0 = Debug|Any CPU
		{56DD1433-42E7-42CC-B5F9-3BF4D8F2CA5C}.Debug|Any CPU.ActiveCfg = Debug|Any CPU
		{56DD1433-42E7-42CC-B5F9-3BF4D8F2CA5C}.Debug|Any CPU.Build.0 = Debug|Any CPU
		{56DD1433-42E7-42CC-B5F9-3BF4D8F2CA5C}.Debug|Any CPU.Deploy.0 = Debug|Any CPU
		{56DD1433-42E7-42CC-B5F9-3BF4D8F2CA5C}.Debug|ARM.ActiveCfg = Debug|Any CPU
		{56DD1433-42E7-42CC-B5F9-3BF4D8F2CA5C}.Debug|ARM.Build.0 = Debug|Any CPU
		{56DD1433-42E7-42CC-B5F9-3BF4D8F2CA5C}.Debug|ARM.Deploy.0 = Debug|Any CPU
		{56DD1433-42E7-42CC-B5F9-3BF4D8F2CA5C}.Debug|iPhone.ActiveCfg = Debug|Any CPU
		{56DD1433-42E7-42CC-B5F9-3BF4D8F2CA5C}.Debug|iPhone.Build.0 = Debug|Any CPU
		{56DD1433-42E7-42CC-B5F9-3BF4D8F2CA5C}.Debug|iPhone.Deploy.0 = Debug|Any CPU
		{56DD1433-42E7-42CC-B5F9-3BF4D8F2CA5C}.Debug|iPhoneSimulator.ActiveCfg = Debug|Any CPU
		{56DD1433-42E7-42CC-B5F9-3BF4D8F2CA5C}.Debug|iPhoneSimulator.Build.0 = Debug|Any CPU
		{56DD1433-42E7-42CC-B5F9-3BF4D8F2CA5C}.Debug|iPhoneSimulator.Deploy.0 = Debug|Any CPU
		{56DD1433-42E7-42CC-B5F9-3BF4D8F2CA5C}.Debug|x64.ActiveCfg = Debug|Any CPU
		{56DD1433-42E7-42CC-B5F9-3BF4D8F2CA5C}.Debug|x64.Build.0 = Debug|Any CPU
		{56DD1433-42E7-42CC-B5F9-3BF4D8F2CA5C}.Debug|x64.Deploy.0 = Debug|Any CPU
		{56DD1433-42E7-42CC-B5F9-3BF4D8F2CA5C}.Debug|x86.ActiveCfg = Debug|Any CPU
		{56DD1433-42E7-42CC-B5F9-3BF4D8F2CA5C}.Debug|x86.Build.0 = Debug|Any CPU
		{56DD1433-42E7-42CC-B5F9-3BF4D8F2CA5C}.Debug|x86.Deploy.0 = Debug|Any CPU
		{56DD1433-42E7-42CC-B5F9-3BF4D8F2CA5C}.Release|Any CPU.ActiveCfg = Release|Any CPU
		{56DD1433-42E7-42CC-B5F9-3BF4D8F2CA5C}.Release|Any CPU.Build.0 = Release|Any CPU
		{56DD1433-42E7-42CC-B5F9-3BF4D8F2CA5C}.Release|Any CPU.Deploy.0 = Release|Any CPU
		{56DD1433-42E7-42CC-B5F9-3BF4D8F2CA5C}.Release|ARM.ActiveCfg = Release|Any CPU
		{56DD1433-42E7-42CC-B5F9-3BF4D8F2CA5C}.Release|ARM.Build.0 = Release|Any CPU
		{56DD1433-42E7-42CC-B5F9-3BF4D8F2CA5C}.Release|ARM.Deploy.0 = Release|Any CPU
		{56DD1433-42E7-42CC-B5F9-3BF4D8F2CA5C}.Release|iPhone.ActiveCfg = Release|Any CPU
		{56DD1433-42E7-42CC-B5F9-3BF4D8F2CA5C}.Release|iPhone.Build.0 = Release|Any CPU
		{56DD1433-42E7-42CC-B5F9-3BF4D8F2CA5C}.Release|iPhone.Deploy.0 = Release|Any CPU
		{56DD1433-42E7-42CC-B5F9-3BF4D8F2CA5C}.Release|iPhoneSimulator.ActiveCfg = Release|Any CPU
		{56DD1433-42E7-42CC-B5F9-3BF4D8F2CA5C}.Release|iPhoneSimulator.Build.0 = Release|Any CPU
		{56DD1433-42E7-42CC-B5F9-3BF4D8F2CA5C}.Release|iPhoneSimulator.Deploy.0 = Release|Any CPU
		{56DD1433-42E7-42CC-B5F9-3BF4D8F2CA5C}.Release|x64.ActiveCfg = Release|Any CPU
		{56DD1433-42E7-42CC-B5F9-3BF4D8F2CA5C}.Release|x64.Build.0 = Release|Any CPU
		{56DD1433-42E7-42CC-B5F9-3BF4D8F2CA5C}.Release|x64.Deploy.0 = Release|Any CPU
		{56DD1433-42E7-42CC-B5F9-3BF4D8F2CA5C}.Release|x86.ActiveCfg = Release|Any CPU
		{56DD1433-42E7-42CC-B5F9-3BF4D8F2CA5C}.Release|x86.Build.0 = Release|Any CPU
		{56DD1433-42E7-42CC-B5F9-3BF4D8F2CA5C}.Release|x86.Deploy.0 = Release|Any CPU
	EndGlobalSection
	GlobalSection(SolutionProperties) = preSolution
		HideSolutionNode = FALSE
	EndGlobalSection
	GlobalSection(ExtensibilityGlobals) = postSolution
		SolutionGuid = {75B75187-74D3-4F8A-A642-F5AD3864C9A2}
	EndGlobalSection
EndGlobal
